<?xml version="1.0" encoding="utf-8"?>
<Project ToolsVersion="4.0" xmlns="http://schemas.microsoft.com/developer/msbuild/2003">
  <ItemGroup>
    <Filter Include="Source Files">
      <UniqueIdentifier>{4FC737F1-C7A5-4376-A066-2A32D752A2FF}</UniqueIdentifier>
      <Extensions>cpp;c;cc;cxx;c++;cppm;ixx;def;odl;idl;hpj;bat;asm;asmx</Extensions>
    </Filter>
    <Filter Include="Header Files">
      <UniqueIdentifier>{93995380-89BD-4b04-88EB-625FBE52EBFB}</UniqueIdentifier>
      <Extensions>h;hh;hpp;hxx;h++;hm;inl;inc;ipp;xsd</Extensions>
    </Filter>
    <Filter Include="Resource Files">
      <UniqueIdentifier>{67DA6AB6-F800-4c08-8B7A-83BB121AAD01}</UniqueIdentifier>
      <Extensions>rc;ico;cur;bmp;dlg;rc2;rct;bin;rgs;gif;jpg;jpeg;jpe;resx;tiff;tif;png;wav;mfcribbon-ms</Extensions>
    </Filter>
    <Filter Include="Header Files\Double Linked List">
      <UniqueIdentifier>{63d4963d-37ec-459d-b708-2b35121df983}</UniqueIdentifier>
    </Filter>
    <Filter Include="Header Files\Queue">
      <UniqueIdentifier>{3f2b3018-2a04-40bf-b71b-c218f466900b}</UniqueIdentifier>
    </Filter>
    <Filter Include="Header Files\Stack">
      <UniqueIdentifier>{e888da19-f5e0-4606-8f25-ddd72db7884d}</UniqueIdentifier>
    </Filter>
    <Filter Include="Header Files\Daynamic Array">
      <UniqueIdentifier>{efdb503a-5ddc-4ac7-bc95-4ca658d613d0}</UniqueIdentifier>
    </Filter>
    <Filter Include="Header Files\String Use Stack">
      <UniqueIdentifier>{e8712715-db80-4791-a28f-ec68a1168862}</UniqueIdentifier>
    </Filter>
  </ItemGroup>
  <ItemGroup>
    <ClCompile Include="Problem-Solving-Implementation-DS-CPP.cpp">
      <Filter>Source Files</Filter>
    </ClCompile>
  </ItemGroup>
  <ItemGroup>
    <ClInclude Include="clsDbLinkedList.h">
      <Filter>Header Files\Double Linked List</Filter>
    </ClInclude>
    <ClInclude Include="clsMyQueue.h">
      <Filter>Header Files\Queue</Filter>
    </ClInclude>
    <ClInclude Include="clsMyStack.h">
      <Filter>Header Files\Stack</Filter>
    </ClInclude>
    <ClInclude Include="clsDynamicArray.h">
      <Filter>Header Files\Daynamic Array</Filter>
    </ClInclude>
    <ClInclude Include="clsMyQueueUseArray.h">
      <Filter>Header Files\Queue</Filter>
    </ClInclude>
    <ClInclude Include="clsMyStackUseArray.h">
      <Filter>Header Files\Stack</Filter>
    </ClInclude>
    <ClInclude Include="clsMyStringUseStack.h">
      <Filter>Header Files\String Use Stack</Filter>
    </ClInclude>
    <ClInclude Include="clsQueueLine.h">
      <Filter>Header Files\Queue</Filter>
    </ClInclude>
    <ClInclude Include="..\..\BankingSystemConsoleApplicationOOP\BankingSystemConsoleApplicationOOP\clsDate.h">
      <Filter>Header Files</Filter>
    </ClInclude>
  </ItemGroup>
</Project>